
Microsoft Visual Studio Solution File, Format Version 12.00
# Visual Studio Version 16
VisualStudioVersion = 16.0.31321.278
MinimumVisualStudioVersion = 10.0.40219.1
Project("{FAE04EC0-301F-11D3-BF4B-00C04F79EFBC}") = "AulaGenerics", "AulaGenerics\AulaGenerics.csproj", "{2CA08255-AB70-4A99-B935-92E431467D2F}"
EndProject
Project("{FAE04EC0-301F-11D3-BF4B-00C04F79EFBC}") = "RestricoesGenerics", "RestricoesGenerics\RestricoesGenerics.csproj", "{4AADD7A9-D77A-4CB1-AAAB-8E0495291988}"
EndProject
Project("{FAE04EC0-301F-11D3-BF4B-00C04F79EFBC}") = "GetHashCode", "GetHashCode\GetHashCode.csproj", "{46939453-7810-4102-A506-C3A51DE06598}"
EndProject
Project("{FAE04EC0-301F-11D3-BF4B-00C04F79EFBC}") = "HashSetESortedSet", "HashSetESortedSet\HashSetESortedSet.csproj", "{05868943-F138-4557-8881-263C51907F82}"
EndProject
Global
	GlobalSection(SolutionConfigurationPlatforms) = preSolution
		Debug|Any CPU = Debug|Any CPU
		Release|Any CPU = Release|Any CPU
	EndGlobalSection
	GlobalSection(ProjectConfigurationPlatforms) = postSolution
		{2CA08255-AB70-4A99-B935-92E431467D2F}.Debug|Any CPU.ActiveCfg = Debug|Any CPU
		{2CA08255-AB70-4A99-B935-92E431467D2F}.Debug|Any CPU.Build.0 = Debug|Any CPU
		{2CA08255-AB70-4A99-B935-92E431467D2F}.Release|Any CPU.ActiveCfg = Release|Any CPU
		{2CA08255-AB70-4A99-B935-92E431467D2F}.Release|Any CPU.Build.0 = Release|Any CPU
		{4AADD7A9-D77A-4CB1-AAAB-8E0495291988}.Debug|Any CPU.ActiveCfg = Debug|Any CPU
		{4AADD7A9-D77A-4CB1-AAAB-8E0495291988}.Debug|Any CPU.Build.0 = Debug|Any CPU
		{4AADD7A9-D77A-4CB1-AAAB-8E0495291988}.Release|Any CPU.ActiveCfg = Release|Any CPU
		{4AADD7A9-D77A-4CB1-AAAB-8E0495291988}.Release|Any CPU.Build.0 = Release|Any CPU
		{46939453-7810-4102-A506-C3A51DE06598}.Debug|Any CPU.ActiveCfg = Debug|Any CPU
		{46939453-7810-4102-A506-C3A51DE06598}.Debug|Any CPU.Build.0 = Debug|Any CPU
		{46939453-7810-4102-A506-C3A51DE06598}.Release|Any CPU.ActiveCfg = Release|Any CPU
		{46939453-7810-4102-A506-C3A51DE06598}.Release|Any CPU.Build.0 = Release|Any CPU
		{05868943-F138-4557-8881-263C51907F82}.Debug|Any CPU.ActiveCfg = Debug|Any CPU
		{05868943-F138-4557-8881-263C51907F82}.Debug|Any CPU.Build.0 = Debug|Any CPU
		{05868943-F138-4557-8881-263C51907F82}.Release|Any CPU.ActiveCfg = Release|Any CPU
		{05868943-F138-4557-8881-263C51907F82}.Release|Any CPU.Build.0 = Release|Any CPU
	EndGlobalSection
	GlobalSection(SolutionProperties) = preSolution
		HideSolutionNode = FALSE
	EndGlobalSection
	GlobalSection(ExtensibilityGlobals) = postSolution
		SolutionGuid = {74269D71-7213-44C4-9228-53407EC31781}
	EndGlobalSection
EndGlobal
